
Microsoft Visual Studio Solution File, Format Version 12.00
# Visual Studio Version 17
VisualStudioVersion = 17.8.34330.188
MinimumVisualStudioVersion = 10.0.40219.1
Project("{FAE04EC0-301F-11D3-BF4B-00C04F79EFBC}") = "Captcha", "Captcha\Captcha.csproj", "{2CEBA00C-0B0F-4A51-8AC4-081476797937}"
EndProject
Global
	GlobalSection(SolutionConfigurationPlatforms) = preSolution
		Debug|Any CPU = Debug|Any CPU
		Release|Any CPU = Release|Any CPU
	EndGlobalSection
	GlobalSection(ProjectConfigurationPlatforms) = postSolution
		{2CEBA00C-0B0F-4A51-8AC4-081476797937}.Debug|Any CPU.ActiveCfg = Debug|Any CPU
		{2CEBA00C-0B0F-4A51-8AC4-081476797937}.Debug|Any CPU.Build.0 = Debug|Any CPU
		{2CEBA00C-0B0F-4A51-8AC4-081476797937}.Release|Any CPU.ActiveCfg = Release|Any CPU
		{2CEBA00C-0B0F-4A51-8AC4-081476797937}.Release|Any CPU.Build.0 = Release|Any CPU
	EndGlobalSection
	GlobalSection(SolutionProperties) = preSolution
		HideSolutionNode = FALSE
	EndGlobalSection
	GlobalSection(ExtensibilityGlobals) = postSolution
		SolutionGuid = {C225E5B5-2BDF-40F6-B079-1082B36B08BD}
	EndGlobalSection
EndGlobal
